// !$*UTF8*$!
{
	archiveVersion = 1;
	classes = {
	};
	objectVersion = 50;
	objects = {

/* Begin PBXBuildFile section */
		1573E7672522DD5100B89727 /* AppDelegate.swift in Sources */ = {isa = PBXBuildFile; fileRef = 1573E7662522DD5100B89727 /* AppDelegate.swift */; };
		1573E7692522DD5100B89727 /* SceneDelegate.swift in Sources */ = {isa = PBXBuildFile; fileRef = 1573E7682522DD5100B89727 /* SceneDelegate.swift */; };
		1573E76C2522DD5100B89727 /* MovieApp.xcdatamodeld in Sources */ = {isa = PBXBuildFile; fileRef = 1573E76A2522DD5100B89727 /* MovieApp.xcdatamodeld */; };
		1573E76E2522DD5100B89727 /* ContentView.swift in Sources */ = {isa = PBXBuildFile; fileRef = 1573E76D2522DD5100B89727 /* ContentView.swift */; };
		1573E7702522DD5200B89727 /* Assets.xcassets in Resources */ = {isa = PBXBuildFile; fileRef = 1573E76F2522DD5200B89727 /* Assets.xcassets */; };
		1573E7732522DD5200B89727 /* Preview Assets.xcassets in Resources */ = {isa = PBXBuildFile; fileRef = 1573E7722522DD5200B89727 /* Preview Assets.xcassets */; };
		1573E7762522DD5200B89727 /* LaunchScreen.storyboard in Resources */ = {isa = PBXBuildFile; fileRef = 1573E7742522DD5200B89727 /* LaunchScreen.storyboard */; };
		1573E7812522DD5200B89727 /* MovieAppTests.swift in Sources */ = {isa = PBXBuildFile; fileRef = 1573E7802522DD5200B89727 /* MovieAppTests.swift */; };
		1573E78C2522DD5200B89727 /* MovieAppUITests.swift in Sources */ = {isa = PBXBuildFile; fileRef = 1573E78B2522DD5200B89727 /* MovieAppUITests.swift */; };
/* End PBXBuildFile section */

/* Begin PBXContainerItemProxy section */
		1573E77D2522DD5200B89727 /* PBXContainerItemProxy */ = {
			isa = PBXContainerItemProxy;
			containerPortal = 1573E75B2522DD5100B89727 /* Project object */;
			proxyType = 1;
			remoteGlobalIDString = 1573E7622522DD5100B89727;
			remoteInfo = MovieApp;
		};
		1573E7882522DD5200B89727 /* PBXContainerItemProxy */ = {
			isa = PBXContainerItemProxy;
			containerPortal = 1573E75B2522DD5100B89727 /* Project object */;
			proxyType = 1;
			remoteGlobalIDString = 1573E7622522DD5100B89727;
			remoteInfo = MovieApp;
		};
/* End PBXContainerItemProxy section */

/* Begin PBXFileReference section */
		1573E7632522DD5100B89727 /* MovieApp.app */ = {isa = PBXFileReference; explicitFileType = wrapper.application; includeInIndex = 0; path = MovieApp.app; sourceTree = BUILT_PRODUCTS_DIR; };
		1573E7662522DD5100B89727 /* AppDelegate.swift */ = {isa = PBXFileReference; lastKnownFileType = sourcecode.swift; path = AppDelegate.swift; sourceTree = "<group>"; };
		1573E7682522DD5100B89727 /* SceneDelegate.swift */ = {isa = PBXFileReference; lastKnownFileType = sourcecode.swift; path = SceneDelegate.swift; sourceTree = "<group>"; };
		1573E76B2522DD5100B89727 /* MovieApp.xcdatamodel */ = {isa = PBXFileReference; lastKnownFileType = wrapper.xcdatamodel; path = MovieApp.xcdatamodel; sourceTree = "<group>"; };
		1573E76D2522DD5100B89727 /* ContentView.swift */ = {isa = PBXFileReference; lastKnownFileType = sourcecode.swift; path = ContentView.swift; sourceTree = "<group>"; };
		1573E76F2522DD5200B89727 /* Assets.xcassets */ = {isa = PBXFileReference; lastKnownFileType = folder.assetcatalog; path = Assets.xcassets; sourceTree = "<group>"; };
		1573E7722522DD5200B89727 /* Preview Assets.xcassets */ = {isa = PBXFileReference; lastKnownFileType = folder.assetcatalog; path = "Preview Assets.xcassets"; sourceTree = "<group>"; };
		1573E7752522DD5200B89727 /* Base */ = {isa = PBXFileReference; lastKnownFileType = file.storyboard; name = Base; path = Base.lproj/LaunchScreen.storyboard; sourceTree = "<group>"; };
		1573E7772522DD5200B89727 /* Info.plist */ = {isa = PBXFileReference; lastKnownFileType = text.plist.xml; path = Info.plist; sourceTree = "<group>"; };
		1573E77C2522DD5200B89727 /* MovieAppTests.xctest */ = {isa = PBXFileReference; explicitFileType = wrapper.cfbundle; includeInIndex = 0; path = MovieAppTests.xctest; sourceTree = BUILT_PRODUCTS_DIR; };
		1573E7802522DD5200B89727 /* MovieAppTests.swift */ = {isa = PBXFileReference; lastKnownFileType = sourcecode.swift; path = MovieAppTests.swift; sourceTree = "<group>"; };
		1573E7822522DD5200B89727 /* Info.plist */ = {isa = PBXFileReference; lastKnownFileType = text.plist.xml; path = Info.plist; sourceTree = "<group>"; };
		1573E7872522DD5200B89727 /* MovieAppUITests.xctest */ = {isa = PBXFileReference; explicitFileType = wrapper.cfbundle; includeInIndex = 0; path = MovieAppUITests.xctest; sourceTree = BUILT_PRODUCTS_DIR; };
		1573E78B2522DD5200B89727 /* MovieAppUITests.swift */ = {isa = PBXFileReference; lastKnownFileType = sourcecode.swift; path = MovieAppUITests.swift; sourceTree = "<group>"; };
		1573E78D2522DD5200B89727 /* Info.plist */ = {isa = PBXFileReference; lastKnownFileType = text.plist.xml; path = Info.plist; sourceTree = "<group>"; };
/* End PBXFileReference section */

/* Begin PBXFrameworksBuildPhase section */
		1573E7602522DD5100B89727 /* Frameworks */ = {
			isa = PBXFrameworksBuildPhase;
			buildActionMask = 2147483647;
			files = (
			);
			runOnlyForDeploymentPostprocessing = 0;
		};
		1573E7792522DD5200B89727 /* Frameworks */ = {
			isa = PBXFrameworksBuildPhase;
			buildActionMask = 2147483647;
			files = (
			);
			runOnlyForDeploymentPostprocessing = 0;
		};
		1573E7842522DD5200B89727 /* Frameworks */ = {
			isa = PBXFrameworksBuildPhase;
			buildActionMask = 2147483647;
			files = (
			);
			runOnlyForDeploymentPostprocessing = 0;
		};
/* End PBXFrameworksBuildPhase section */

/* Begin PBXGroup section */
		1573E75A2522DD5100B89727 = {
			isa = PBXGroup;
			children = (
				1573E7652522DD5100B89727 /* MovieApp */,
				1573E77F2522DD5200B89727 /* MovieAppTests */,
				1573E78A2522DD5200B89727 /* MovieAppUITests */,
				1573E7642522DD5100B89727 /* Products */,
			);
			sourceTree = "<group>";
		};
		1573E7642522DD5100B89727 /* Products */ = {
			isa = PBXGroup;
			children = (
				1573E7632522DD5100B89727 /* MovieApp.app */,
				1573E77C2522DD5200B89727 /* MovieAppTests.xctest */,
				1573E7872522DD5200B89727 /* MovieAppUITests.xctest */,
			);
			name = Products;
			sourceTree = "<group>";
		};
		1573E7652522DD5100B89727 /* MovieApp */ = {
			isa = PBXGroup;
			children = (
				1573E7662522DD5100B89727 /* AppDelegate.swift */,
				1573E7682522DD5100B89727 /* SceneDelegate.swift */,
				1573E76D2522DD5100B89727 /* ContentView.swift */,
				1573E76F2522DD5200B89727 /* Assets.xcassets */,
				1573E7742522DD5200B89727 /* LaunchScreen.storyboard */,
				1573E7772522DD5200B89727 /* Info.plist */,
				1573E76A2522DD5100B89727 /* MovieApp.xcdatamodeld */,
				1573E7712522DD5200B89727 /* Preview Content */,
			);
			path = MovieApp;
			sourceTree = "<group>";
		};
		1573E7712522DD5200B89727 /* Preview Content */ = {
			isa = PBXGroup;
			children = (
				1573E7722522DD5200B89727 /* Preview Assets.xcassets */,
			);
			path = "Preview Content";
			sourceTree = "<group>";
		};
		1573E77F2522DD5200B89727 /* MovieAppTests */ = {
			isa = PBXGroup;
			children = (
				1573E7802522DD5200B89727 /* MovieAppTests.swift */,
				1573E7822522DD5200B89727 /* Info.plist */,
			);
			path = MovieAppTests;
			sourceTree = "<group>";
		};
		1573E78A2522DD5200B89727 /* MovieAppUITests */ = {
			isa = PBXGroup;
			children = (
				1573E78B2522DD5200B89727 /* MovieAppUITests.swift */,
				1573E78D2522DD5200B89727 /* Info.plist */,
			);
			path = MovieAppUITests;
			sourceTree = "<group>";
		};
/* End PBXGroup section */

/* Begin PBXNativeTarget section */
		1573E7622522DD5100B89727 /* MovieApp */ = {
			isa = PBXNativeTarget;
			buildConfigurationList = 1573E7902522DD5200B89727 /* Build configuration list for PBXNativeTarget "MovieApp" */;
			buildPhases = (
				1573E75F2522DD5100B89727 /* Sources */,
				1573E7602522DD5100B89727 /* Frameworks */,
				1573E7612522DD5100B89727 /* Resources */,
			);
			buildRules = (
			);
			dependencies = (
			);
			name = MovieApp;
			productName = MovieApp;
			productReference = 1573E7632522DD5100B89727 /* MovieApp.app */;
			productType = "com.apple.product-type.application";
		};
		1573E77B2522DD5200B89727 /* MovieAppTests */ = {
			isa = PBXNativeTarget;
			buildConfigurationList = 1573E7932522DD5200B89727 /* Build configuration list for PBXNativeTarget "MovieAppTests" */;
			buildPhases = (
				1573E7782522DD5200B89727 /* Sources */,
				1573E7792522DD5200B89727 /* Frameworks */,
				1573E77A2522DD5200B89727 /* Resources */,
			);
			buildRules = (
			);
			dependencies = (
				1573E77E2522DD5200B89727 /* PBXTargetDependency */,
			);
			name = MovieAppTests;
			productName = MovieAppTests;
			productReference = 1573E77C2522DD5200B89727 /* MovieAppTests.xctest */;
			productType = "com.apple.product-type.bundle.unit-test";
		};
		1573E7862522DD5200B89727 /* MovieAppUITests */ = {
			isa = PBXNativeTarget;
			buildConfigurationList = 1573E7962522DD5200B89727 /* Build configuration list for PBXNativeTarget "MovieAppUITests" */;
			buildPhases = (
				1573E7832522DD5200B89727 /* Sources */,
				1573E7842522DD5200B89727 /* Frameworks */,
				1573E7852522DD5200B89727 /* Resources */,
			);
			buildRules = (
			);
			dependencies = (
				1573E7892522DD5200B89727 /* PBXTargetDependency */,
			);
			name = MovieAppUITests;
			productName = MovieAppUITests;
			productReference = 1573E7872522DD5200B89727 /* MovieAppUITests.xctest */;
			productType = "com.apple.product-type.bundle.ui-testing";
		};
/* End PBXNativeTarget section */

/* Begin PBXProject section */
		1573E75B2522DD5100B89727 /* Project object */ = {
			isa = PBXProject;
			attributes = {
				LastSwiftUpdateCheck = 1150;
				LastUpgradeCheck = 1150;
				ORGANIZATIONNAME = "Kenya Gordon";
				TargetAttributes = {
					1573E7622522DD5100B89727 = {
						CreatedOnToolsVersion = 11.5;
					};
					1573E77B2522DD5200B89727 = {
						CreatedOnToolsVersion = 11.5;
						TestTargetID = 1573E7622522DD5100B89727;
					};
					1573E7862522DD5200B89727 = {
						CreatedOnToolsVersion = 11.5;
						TestTargetID = 1573E7622522DD5100B89727;
					};
				};
			};
			buildConfigurationList = 1573E75E2522DD5100B89727 /* Build configuration list for PBXProject "MovieApp" */;
			compatibilityVersion = "Xcode 9.3";
			developmentRegion = en;
			hasScannedForEncodings = 0;
			knownRegions = (
				en,
				Base,
			);
			mainGroup = 1573E75A2522DD5100B89727;
			productRefGroup = 1573E7642522DD5100B89727 /* Products */;
			projectDirPath = "";
			projectRoot = "";
			targets = (
				1573E7622522DD5100B89727 /* MovieApp */,
				1573E77B2522DD5200B89727 /* MovieAppTests */,
				1573E7862522DD5200B89727 /* MovieAppUITests */,
			);
		};
/* End PBXProject section */

/* Begin PBXResourcesBuildPhase section */
		1573E7612522DD5100B89727 /* Resources */ = {
			isa = PBXResourcesBuildPhase;
			buildActionMask = 2147483647;
			files = (
				1573E7762522DD5200B89727 /* LaunchScreen.storyboard in Resources */,
				1573E7732522DD5200B89727 /* Preview Assets.xcassets in Resources */,
				1573E7702522DD5200B89727 /* Assets.xcassets in Resources */,
			);
			runOnlyForDeploymentPostprocessing = 0;
		};
		1573E77A2522DD5200B89727 /* Resources */ = {
			isa = PBXResourcesBuildPhase;
			buildActionMask = 2147483647;
			files = (
			);
			runOnlyForDeploymentPostprocessing = 0;
		};
		1573E7852522DD5200B89727 /* Resources */ = {
			isa = PBXResourcesBuildPhase;
			buildActionMask = 2147483647;
			files = (
			);
			runOnlyForDeploymentPostprocessing = 0;
		};
/* End PBXResourcesBuildPhase section */

/* Begin PBXSourcesBuildPhase section */
		1573E75F2522DD5100B89727 /* Sources */ = {
			isa = PBXSourcesBuildPhase;
			buildActionMask = 2147483647;
			files = (
				1573E7672522DD5100B89727 /* AppDelegate.swift in Sources */,
				1573E7692522DD5100B89727 /* SceneDelegate.swift in Sources */,
				1573E76E2522DD5100B89727 /* ContentView.swift in Sources */,
				1573E76C2522DD5100B89727 /* MovieApp.xcdatamodeld in Sources */,
			);
			runOnlyForDeploymentPostprocessing = 0;
		};
		1573E7782522DD5200B89727 /* Sources */ = {
			isa = PBXSourcesBuildPhase;
			buildActionMask = 2147483647;
			files = (
				1573E7812522DD5200B89727 /* MovieAppTests.swift in Sources */,
			);
			runOnlyForDeploymentPostprocessing = 0;
		};
		1573E7832522DD5200B89727 /* Sources */ = {
			isa = PBXSourcesBuildPhase;
			buildActionMask = 2147483647;
			files = (
				1573E78C2522DD5200B89727 /* MovieAppUITests.swift in Sources */,
			);
			runOnlyForDeploymentPostprocessing = 0;
		};
/* End PBXSourcesBuildPhase section */

/* Begin PBXTargetDependency section */
		1573E77E2522DD5200B89727 /* PBXTargetDependency */ = {
			isa = PBXTargetDependency;
			target = 1573E7622522DD5100B89727 /* MovieApp */;
			targetProxy = 1573E77D2522DD5200B89727 /* PBXContainerItemProxy */;
		};
		1573E7892522DD5200B89727 /* PBXTargetDependency */ = {
			isa = PBXTargetDependency;
			target = 1573E7622522DD5100B89727 /* MovieApp */;
			targetProxy = 1573E7882522DD5200B89727 /* PBXContainerItemProxy */;
		};
/* End PBXTargetDependency section */

/* Begin PBXVariantGroup section */
		1573E7742522DD5200B89727 /* LaunchScreen.storyboard */ = {
			isa = PBXVariantGroup;
			children = (
				1573E7752522DD5200B89727 /* Base */,
			);
			name = LaunchScreen.storyboard;
			sourceTree = "<group>";
		};
/* End PBXVariantGroup section */

/* Begin XCBuildConfiguration section */
		1573E78E2522DD5200B89727 /* Debug */ = {
			isa = XCBuildConfiguration;
			buildSettings = {
				ALWAYS_SEARCH_USER_PATHS = NO;
				CLANG_ANALYZER_NONNULL = YES;
				CLANG_ANALYZER_NUMBER_OBJECT_CONVERSION = YES_AGGRESSIVE;
				CLANG_CXX_LANGUAGE_STANDARD = "gnu++14";
				CLANG_CXX_LIBRARY = "libc++";
				CLANG_ENABLE_MODULES = YES;
				CLANG_ENABLE_OBJC_ARC = YES;
				CLANG_ENABLE_OBJC_WEAK = YES;
				CLANG_WARN_BLOCK_CAPTURE_AUTORELEASING = YES;
				CLANG_WARN_BOOL_CONVERSION = YES;
				CLANG_WARN_COMMA = YES;
				CLANG_WARN_CONSTANT_CONVERSION = YES;
				CLANG_WARN_DEPRECATED_OBJC_IMPLEMENTATIONS = YES;
				CLANG_WARN_DIRECT_OBJC_ISA_USAGE = YES_ERROR;
				CLANG_WARN_DOCUMENTATION_COMMENTS = YES;
				CLANG_WARN_EMPTY_BODY = YES;
				CLANG_WARN_ENUM_CONVERSION = YES;
				CLANG_WARN_INFINITE_RECURSION = YES;
				CLANG_WARN_INT_CONVERSION = YES;
				CLANG_WARN_NON_LITERAL_NULL_CONVERSION = YES;
				CLANG_WARN_OBJC_IMPLICIT_RETAIN_SELF = YES;
				CLANG_WARN_OBJC_LITERAL_CONVERSION = YES;
				CLANG_WARN_OBJC_ROOT_CLASS = YES_ERROR;
				CLANG_WARN_RANGE_LOOP_ANALYSIS = YES;
				CLANG_WARN_STRICT_PROTOTYPES = YES;
				CLANG_WARN_SUSPICIOUS_MOVE = YES;
				CLANG_WARN_UNGUARDED_AVAILABILITY = YES_AGGRESSIVE;
				CLANG_WARN_UNREACHABLE_CODE = YES;
				CLANG_WARN__DUPLICATE_METHOD_MATCH = YES;
				COPY_PHASE_STRIP = NO;
				DEBUG_INFORMATION_FORMAT = dwarf;
				ENABLE_STRICT_OBJC_MSGSEND = YES;
				ENABLE_TESTABILITY = YES;
				GCC_C_LANGUAGE_STANDARD = gnu11;
				GCC_DYNAMIC_NO_PIC = NO;
				GCC_NO_COMMON_BLOCKS = YES;
				GCC_OPTIMIZATION_LEVEL = 0;
				GCC_PREPROCESSOR_DEFINITIONS = (
					"DEBUG=1",
					"$(inherited)",
				);
				GCC_WARN_64_TO_32_BIT_CONVERSION = YES;
				GCC_WARN_ABOUT_RETURN_TYPE = YES_ERROR;
				GCC_WARN_UNDECLARED_SELECTOR = YES;
				GCC_WARN_UNINITIALIZED_AUTOS = YES_AGGRESSIVE;
				GCC_WARN_UNUSED_FUNCTION = YES;
				GCC_WARN_UNUSED_VARIABLE = YES;
				IPHONEOS_DEPLOYMENT_TARGET = 13.5;
				MTL_ENABLE_DEBUG_INFO = INCLUDE_SOURCE;
				MTL_FAST_MATH = YES;
				ONLY_ACTIVE_ARCH = YES;
				SDKROOT = iphoneos;
				SWIFT_ACTIVE_COMPILATION_CONDITIONS = DEBUG;
				SWIFT_OPTIMIZATION_LEVEL = "-Onone";
			};
			name = Debug;
		};
		1573E78F2522DD5200B89727 /* Release */ = {
			isa = XCBuildConfiguration;
			buildSettings = {
				ALWAYS_SEARCH_USER_PATHS = NO;
				CLANG_ANALYZER_NONNULL = YES;
				CLANG_ANALYZER_NUMBER_OBJECT_CONVERSION = YES_AGGRESSIVE;
				CLANG_CXX_LANGUAGE_STANDARD = "gnu++14";
				CLANG_CXX_LIBRARY = "libc++";
				CLANG_ENABLE_MODULES = YES;
				CLANG_ENABLE_OBJC_ARC = YES;
				CLANG_ENABLE_OBJC_WEAK = YES;
				CLANG_WARN_BLOCK_CAPTURE_AUTORELEASING = YES;
				CLANG_WARN_BOOL_CONVERSION = YES;
				CLANG_WARN_COMMA = YES;
				CLANG_WARN_CONSTANT_CONVERSION = YES;
				CLANG_WARN_DEPRECATED_OBJC_IMPLEMENTATIONS = YES;
				CLANG_WARN_DIRECT_OBJC_ISA_USAGE = YES_ERROR;
				CLANG_WARN_DOCUMENTATION_COMMENTS = YES;
				CLANG_WARN_EMPTY_BODY = YES;
				CLANG_WARN_ENUM_CONVERSION = YES;
				CLANG_WARN_INFINITE_RECURSION = YES;
				CLANG_WARN_INT_CONVERSION = YES;
				CLANG_WARN_NON_LITERAL_NULL_CONVERSION = YES;
				CLANG_WARN_OBJC_IMPLICIT_RETAIN_SELF = YES;
				CLANG_WARN_OBJC_LITERAL_CONVERSION = YES;
				CLANG_WARN_OBJC_ROOT_CLASS = YES_ERROR;
				CLANG_WARN_RANGE_LOOP_ANALYSIS = YES;
				CLANG_WARN_STRICT_PROTOTYPES = YES;
				CLANG_WARN_SUSPICIOUS_MOVE = YES;
				CLANG_WARN_UNGUARDED_AVAILABILITY = YES_AGGRESSIVE;
				CLANG_WARN_UNREACHABLE_CODE = YES;
				CLANG_WARN__DUPLICATE_METHOD_MATCH = YES;
				COPY_PHASE_STRIP = NO;
				DEBUG_INFORMATION_FORMAT = "dwarf-with-dsym";
				ENABLE_NS_ASSERTIONS = NO;
				ENABLE_STRICT_OBJC_MSGSEND = YES;
				GCC_C_LANGUAGE_STANDARD = gnu11;
				GCC_NO_COMMON_BLOCKS = YES;
				GCC_WARN_64_TO_32_BIT_CONVERSION = YES;
				GCC_WARN_ABOUT_RETURN_TYPE = YES_ERROR;
				GCC_WARN_UNDECLARED_SELECTOR = YES;
				GCC_WARN_UNINITIALIZED_AUTOS = YES_AGGRESSIVE;
				GCC_WARN_UNUSED_FUNCTION = YES;
				GCC_WARN_UNUSED_VARIABLE = YES;
				IPHONEOS_DEPLOYMENT_TARGET = 13.5;
				MTL_ENABLE_DEBUG_INFO = NO;
				MTL_FAST_MATH = YES;
				SDKROOT = iphoneos;
				SWIFT_COMPILATION_MODE = wholemodule;
				SWIFT_OPTIMIZATION_LEVEL = "-O";
				VALIDATE_PRODUCT = YES;
			};
			name = Release;
		};
		1573E7912522DD5200B89727 /* Debug */ = {
			isa = XCBuildConfiguration;
			buildSettings = {
				ASSETCATALOG_COMPILER_APPICON_NAME = AppIcon;
				CODE_SIGN_STYLE = Automatic;
				DEVELOPMENT_ASSET_PATHS = "\"MovieApp/Preview Content\"";
				ENABLE_PREVIEWS = YES;
				INFOPLIST_FILE = MovieApp/Info.plist;
				LD_RUNPATH_SEARCH_PATHS = (
					"$(inherited)",
					"@executable_path/Frameworks",
				);
				PRODUCT_BUNDLE_IDENTIFIER = kenya.MovieApp;
				PRODUCT_NAME = "$(TARGET_NAME)";
				SWIFT_VERSION = 5.0;
				TARGETED_DEVICE_FAMILY = "1,2";
			};
			name = Debug;
		};
		1573E7922522DD5200B89727 /* Release */ = {
			isa = XCBuildConfiguration;
			buildSettings = {
				ASSETCATALOG_COMPILER_APPICON_NAME = AppIcon;
				CODE_SIGN_STYLE = Automatic;
				DEVELOPMENT_ASSET_PATHS = "\"MovieApp/Preview Content\"";
				ENABLE_PREVIEWS = YES;
				INFOPLIST_FILE = MovieApp/Info.plist;
				LD_RUNPATH_SEARCH_PATHS = (
					"$(inherited)",
					"@executable_path/Frameworks",
				);
				PRODUCT_BUNDLE_IDENTIFIER = kenya.MovieApp;
				PRODUCT_NAME = "$(TARGET_NAME)";
				SWIFT_VERSION = 5.0;
				TARGETED_DEVICE_FAMILY = "1,2";
			};
			name = Release;
		};
		1573E7942522DD5200B89727 /* Debug */ = {
			isa = XCBuildConfiguration;
			buildSettings = {
				ALWAYS_EMBED_SWIFT_STANDARD_LIBRARIES = YES;
				BUNDLE_LOADER = "$(TEST_HOST)";
				CODE_SIGN_STYLE = Automatic;
				INFOPLIST_FILE = MovieAppTests/Info.plist;
				IPHONEOS_DEPLOYMENT_TARGET = 13.5;
				LD_RUNPATH_SEARCH_PATHS = (
					"$(inherited)",
					"@executable_path/Frameworks",
					"@loader_path/Frameworks",
				);
				PRODUCT_BUNDLE_IDENTIFIER = kenya.MovieAppTests;
				PRODUCT_NAME = "$(TARGET_NAME)";
				SWIFT_VERSION = 5.0;
				TARGETED_DEVICE_FAMILY = "1,2";
				TEST_HOST = "$(BUILT_PRODUCTS_DIR)/MovieApp.app/MovieApp";
			};
			name = Debug;
		};
		1573E7952522DD5200B89727 /* Release */ = {
			isa = XCBuildConfiguration;
			buildSettings = {
				ALWAYS_EMBED_SWIFT_STANDARD_LIBRARIES = YES;
				BUNDLE_LOADER = "$(TEST_HOST)";
				CODE_SIGN_STYLE = Automatic;
				INFOPLIST_FILE = MovieAppTests/Info.plist;
				IPHONEOS_DEPLOYMENT_TARGET = 13.5;
				LD_RUNPATH_SEARCH_PATHS = (
					"$(inherited)",
					"@executable_path/Frameworks",
					"@loader_path/Frameworks",
				);
				PRODUCT_BUNDLE_IDENTIFIER = kenya.MovieAppTests;
				PRODUCT_NAME = "$(TARGET_NAME)";
				SWIFT_VERSION = 5.0;
				TARGETED_DEVICE_FAMILY = "1,2";
				TEST_HOST = "$(BUILT_PRODUCTS_DIR)/MovieApp.app/MovieApp";
			};
			name = Release;
		};
		1573E7972522DD5200B89727 /* Debug */ = {
			isa = XCBuildConfiguration;
			buildSettings = {
				ALWAYS_EMBED_SWIFT_STANDARD_LIBRARIES = YES;
				CODE_SIGN_STYLE = Automatic;
				INFOPLIST_FILE = MovieAppUITests/Info.plist;
				LD_RUNPATH_SEARCH_PATHS = (
					"$(inherited)",
					"@executable_path/Frameworks",
					"@loader_path/Frameworks",
				);
				PRODUCT_BUNDLE_IDENTIFIER = kenya.MovieAppUITests;
				PRODUCT_NAME = "$(TARGET_NAME)";
				SWIFT_VERSION = 5.0;
				TARGETED_DEVICE_FAMILY = "1,2";
				TEST_TARGET_NAME = MovieApp;
			};
			name = Debug;
		};
		1573E7982522DD5200B89727 /* Release */ = {
			isa = XCBuildConfiguration;
			buildSettings = {
				ALWAYS_EMBED_SWIFT_STANDARD_LIBRARIES = YES;
				CODE_SIGN_STYLE = Automatic;
				INFOPLIST_FILE = MovieAppUITests/Info.plist;
				LD_RUNPATH_SEARCH_PATHS = (
					"$(inherited)",
					"@executable_path/Frameworks",
					"@loader_path/Frameworks",
				);
				PRODUCT_BUNDLE_IDENTIFIER = kenya.MovieAppUITests;
				PRODUCT_NAME = "$(TARGET_NAME)";
				SWIFT_VERSION = 5.0;
				TARGETED_DEVICE_FAMILY = "1,2";
				TEST_TARGET_NAME = MovieApp;
			};
			name = Release;
		};
/* End XCBuildConfiguration section */

/* Begin XCConfigurationList section */
		1573E75E2522DD5100B89727 /* Build configuration list for PBXProject "MovieApp" */ = {
			isa = XCConfigurationList;
			buildConfigurations = (
				1573E78E2522DD5200B89727 /* Debug */,
				1573E78F2522DD5200B89727 /* Release */,
			);
			defaultConfigurationIsVisible = 0;
			defaultConfigurationName = Release;
		};
		1573E7902522DD5200B89727 /* Build configuration list for PBXNativeTarget "MovieApp" */ = {
			isa = XCConfigurationList;
			buildConfigurations = (
				1573E7912522DD5200B89727 /* Debug */,
				1573E7922522DD5200B89727 /* Release */,
			);
			defaultConfigurationIsVisible = 0;
			defaultConfigurationName = Release;
		};
		1573E7932522DD5200B89727 /* Build configuration list for PBXNativeTarget "MovieAppTests" */ = {
			isa = XCConfigurationList;
			buildConfigurations = (
				1573E7942522DD5200B89727 /* Debug */,
				1573E7952522DD5200B89727 /* Release */,
			);
			defaultConfigurationIsVisible = 0;
			defaultConfigurationName = Release;
		};
		1573E7962522DD5200B89727 /* Build configuration list for PBXNativeTarget "MovieAppUITests" */ = {
			isa = XCConfigurationList;
			buildConfigurations = (
				1573E7972522DD5200B89727 /* Debug */,
				1573E7982522DD5200B89727 /* Release */,
			);
			defaultConfigurationIsVisible = 0;
			defaultConfigurationName = Release;
		};
/* End XCConfigurationList section */

/* Begin XCVersionGroup section */
		1573E76A2522DD5100B89727 /* MovieApp.xcdatamodeld */ = {
			isa = XCVersionGroup;
			children = (
				1573E76B2522DD5100B89727 /* MovieApp.xcdatamodel */,
			);
			currentVersion = 1573E76B2522DD5100B89727 /* MovieApp.xcdatamodel */;
			path = MovieApp.xcdatamodeld;
			sourceTree = "<group>";
			versionGroupType = wrapper.xcdatamodel;
		};
/* End XCVersionGroup section */
	};
	rootObject = 1573E75B2522DD5100B89727 /* Project object */;
}
